<?xml version="1.0" encoding="utf-8"?>
<Project ToolsVersion="4.0" xmlns="http://schemas.microsoft.com/developer/msbuild/2003">
  <ItemGroup>
    <Filter Include="Source Files">
      <UniqueIdentifier>{4FC737F1-C7A5-4376-A066-2A32D752A2FF}</UniqueIdentifier>
      <Extensions>cpp;c;cc;cxx;c++;cppm;ixx;def;odl;idl;hpj;bat;asm;asmx</Extensions>
    </Filter>
    <Filter Include="Header Files">
      <UniqueIdentifier>{93995380-89BD-4b04-88EB-625FBE52EBFB}</UniqueIdentifier>
      <Extensions>h;hh;hpp;hxx;h++;hm;inl;inc;ipp;xsd</Extensions>
    </Filter>
    <Filter Include="Resource Files">
      <UniqueIdentifier>{67DA6AB6-F800-4c08-8B7A-83BB121AAD01}</UniqueIdentifier>
      <Extensions>rc;ico;cur;bmp;dlg;rc2;rct;bin;rgs;gif;jpg;jpeg;jpe;resx;tiff;tif;png;wav;mfcribbon-ms</Extensions>
    </Filter>
  </ItemGroup>
  <ItemGroup>
    <ClInclude Include="wxAppLauncher.h">
      <Filter>Header Files</Filter>
    </ClInclude>
    <ClInclude Include="wxMainFrame.h">
      <Filter>Header Files</Filter>
    </ClInclude>
    <ClInclude Include="model\Unit.h">
      <Filter>Header Files</Filter>
    </ClInclude>
    <ClInclude Include="view\CommonHeaderWindow.h">
      <Filter>Header Files</Filter>
    </ClInclude>
    <ClInclude Include="view\InternalUseAreaWindow.h">
      <Filter>Header Files</Filter>
    </ClInclude>
    <ClInclude Include="view\ItemViewer.h">
      <Filter>Header Files</Filter>
    </ClInclude>
    <ClInclude Include="view\InfoArea.h">
      <Filter>Header Files</Filter>
    </ClInclude>
    <ClInclude Include="view\BoardInfoWindow.h">
      <Filter>Header Files</Filter>
    </ClInclude>
    <ClInclude Include="view\ChassisInfoAreaWindow.h">
      <Filter>Header Files</Filter>
    </ClInclude>
    <ClInclude Include="view\ProductInfoWindow.h">
      <Filter>Header Files</Filter>
    </ClInclude>
    <ClInclude Include="view\MultiRecordWindow.h">
      <Filter>Header Files</Filter>
    </ClInclude>
  </ItemGroup>
  <ItemGroup>
    <ClCompile Include="wxAppLauncher.cpp">
      <Filter>Source Files</Filter>
    </ClCompile>
    <ClCompile Include="wxMainFrame.cpp">
      <Filter>Source Files</Filter>
    </ClCompile>
    <ClCompile Include="model\Unit.cpp">
      <Filter>Source Files</Filter>
    </ClCompile>
    <ClCompile Include="view\CommonHeaderWindow.cpp">
      <Filter>Source Files</Filter>
    </ClCompile>
    <ClCompile Include="view\InternalUseAreaWindow.cpp">
      <Filter>Source Files</Filter>
    </ClCompile>
    <ClCompile Include="view\ItemViewer.cpp">
      <Filter>Source Files</Filter>
    </ClCompile>
    <ClCompile Include="view\InfoArea.cpp">
      <Filter>Source Files</Filter>
    </ClCompile>
    <ClCompile Include="view\BoardInfoWindow.cpp">
      <Filter>Source Files</Filter>
    </ClCompile>
    <ClCompile Include="view\ChassisInfoAreaWindow.cpp">
      <Filter>Source Files</Filter>
    </ClCompile>
    <ClCompile Include="view\ProductInfoWindow.cpp">
      <Filter>Source Files</Filter>
    </ClCompile>
    <ClCompile Include="view\MultiRecordWindow.cpp">
      <Filter>Source Files</Filter>
    </ClCompile>
  </ItemGroup>
</Project>